github.com/gorilla/mux v1.8.0 h1:i40aqfkR1h2SlN9hojwV5ZA91wcXFOvkdNIeFDP5koI=
github.com/gorilla/mux v1.8.0/go.mod h1:DVbg23sWSpFRCP0SfiEN6jmj59UnW/n46BH5rLB71So=
github.com/huandu/facebook v2.3.1+incompatible h1:+F6kUqKx5TifzMg2fXYZFdA/3VVNphdNK8G4PF2ui74=
github.com/huandu/facebook v2.3.1+incompatible/go.mod h1:wJogp9rhXUUjDuhx6ZaR5Eylx3dsJmy0zyFRaPYUq5g=
